
Microsoft Visual Studio Solution File, Format Version 12.00
# Visual Studio Version 17
VisualStudioVersion = 17.3.32825.248
MinimumVisualStudioVersion = 10.0.40219.1
Project("{8BC9CEB8-8B4A-11D0-8D11-00A0C91BC942}") = "ArrIndex", "ArrIndex.vcxproj", "{D202D7FD-39AD-4ED7-B736-EDE7CD65BD3B}"
EndProject
Global
	GlobalSection(SolutionConfigurationPlatforms) = preSolution
		Debug|x64 = Debug|x64
		Debug|x86 = Debug|x86
		Release|x64 = Release|x64
		Release|x86 = Release|x86
	EndGlobalSection
	GlobalSection(ProjectConfigurationPlatforms) = postSolution
		{D202D7FD-39AD-4ED7-B736-EDE7CD65BD3B}.Debug|x64.ActiveCfg = Debug|x64
		{D202D7FD-39AD-4ED7-B736-EDE7CD65BD3B}.Debug|x64.Build.0 = Debug|x64
		{D202D7FD-39AD-4ED7-B736-EDE7CD65BD3B}.Debug|x86.ActiveCfg = Debug|Win32
		{D202D7FD-39AD-4ED7-B736-EDE7CD65BD3B}.Debug|x86.Build.0 = Debug|Win32
		{D202D7FD-39AD-4ED7-B736-EDE7CD65BD3B}.Release|x64.ActiveCfg = Release|x64
		{D202D7FD-39AD-4ED7-B736-EDE7CD65BD3B}.Release|x64.Build.0 = Release|x64
		{D202D7FD-39AD-4ED7-B736-EDE7CD65BD3B}.Release|x86.ActiveCfg = Release|Win32
		{D202D7FD-39AD-4ED7-B736-EDE7CD65BD3B}.Release|x86.Build.0 = Release|Win32
	EndGlobalSection
	GlobalSection(SolutionProperties) = preSolution
		HideSolutionNode = FALSE
	EndGlobalSection
	GlobalSection(ExtensibilityGlobals) = postSolution
		SolutionGuid = {B8D9FD13-3F4A-4478-A42C-17CC13D9D14A}
	EndGlobalSection
EndGlobal
